
Microsoft Visual Studio Solution File, Format Version 12.00
# Visual Studio Version 17
VisualStudioVersion = 17.1.32228.430
MinimumVisualStudioVersion = 10.0.40219.1
Project("{FAE04EC0-301F-11D3-BF4B-00C04F79EFBC}") = "ClubeDaLeitura_2-0.ConsoleApp", "ClubeDaLeitura_2-0.ConsoleApp\ClubeDaLeitura_2-0.ConsoleApp.csproj", "{17C359AC-DBF5-4C2B-8800-1F3018EA381E}"
EndProject
Global
	GlobalSection(SolutionConfigurationPlatforms) = preSolution
		Debug|Any CPU = Debug|Any CPU
		Release|Any CPU = Release|Any CPU
	EndGlobalSection
	GlobalSection(ProjectConfigurationPlatforms) = postSolution
		{17C359AC-DBF5-4C2B-8800-1F3018EA381E}.Debug|Any CPU.ActiveCfg = Debug|Any CPU
		{17C359AC-DBF5-4C2B-8800-1F3018EA381E}.Debug|Any CPU.Build.0 = Debug|Any CPU
		{17C359AC-DBF5-4C2B-8800-1F3018EA381E}.Release|Any CPU.ActiveCfg = Release|Any CPU
		{17C359AC-DBF5-4C2B-8800-1F3018EA381E}.Release|Any CPU.Build.0 = Release|Any CPU
	EndGlobalSection
	GlobalSection(SolutionProperties) = preSolution
		HideSolutionNode = FALSE
	EndGlobalSection
	GlobalSection(ExtensibilityGlobals) = postSolution
		SolutionGuid = {4D986C23-F7B6-4849-A3A2-BAF8B272EB5C}
	EndGlobalSection
EndGlobal
